
Microsoft Visual Studio Solution File, Format Version 12.00
# Visual Studio 15
VisualStudioVersion = 15.0.27130.2003
MinimumVisualStudioVersion = 10.0.40219.1
Project("{9A19103F-16F7-4668-BE54-9A1E7A4F7556}") = "Hiwjcn.Api", "Hiwjcn.Api\Hiwjcn.Api.csproj", "{54C11571-C609-40B3-8873-EBE8E8EB070C}"
EndProject
Project("{E53339B2-1760-4266-BCC7-CA923CBCF16C}") = "docker-compose", "docker-compose.dcproj", "{453783DB-4CB5-4938-B05B-67E2382C09F9}"
EndProject
Project("{9A19103F-16F7-4668-BE54-9A1E7A4F7556}") = "Lib", "Lib\Lib.csproj", "{C5A718FA-7D4D-4441-B1C2-B7F33B83A974}"
EndProject
Project("{FAE04EC0-301F-11D3-BF4B-00C04F79EFBC}") = "Hiwjcn.Core", "..\Hiwjcn.Core\Hiwjcn.Core.csproj", "{BD826F19-8150-4F20-8221-2BBBD2D93B42}"
EndProject
Project("{2150E333-8FDC-42A3-9474-1A3956D46DE8}") = "Apps", "Apps", "{0BD291DE-A83F-4793-9939-67061BDEF1AE}"
EndProject
Project("{2150E333-8FDC-42A3-9474-1A3956D46DE8}") = "Libs", "Libs", "{10A112CD-3D5F-45E9-9D30-3E096CA33571}"
EndProject
Project("{FAE04EC0-301F-11D3-BF4B-00C04F79EFBC}") = "Hiwjcn.Service", "Hiwjcn.Service\Hiwjcn.Service.csproj", "{49BB0643-9683-4371-93B3-94CB8B7DE73D}"
EndProject
Project("{FAE04EC0-301F-11D3-BF4B-00C04F79EFBC}") = "Hiwjcn.Framework", "Hiwjcn.Framework\Hiwjcn.Framework.csproj", "{7CB314F1-56A7-4403-AB68-9A444C302E69}"
EndProject
Project("{FAE04EC0-301F-11D3-BF4B-00C04F79EFBC}") = "Lib.extra", "Lib.extra\Lib.extra.csproj", "{6911B872-1C42-4CD1-80CF-5CDE45BBDDB3}"
EndProject
Project("{FAE04EC0-301F-11D3-BF4B-00C04F79EFBC}") = "Hiwjcn.Test", "Hiwjcn.Test\Hiwjcn.Test.csproj", "{D1CE97FB-6FE8-4A68-8BE8-B76C6F544F27}"
EndProject
Project("{FAE04EC0-301F-11D3-BF4B-00C04F79EFBC}") = "ConsoleApp", "ConsoleApp\ConsoleApp.csproj", "{F5140E05-5685-4793-94DA-1F528D0DFDA6}"
EndProject
Project("{FAE04EC0-301F-11D3-BF4B-00C04F79EFBC}") = "Lib.mvc", "Lib.mvc\Lib.mvc.csproj", "{16C8E449-AC5B-4BA5-B324-C9783DFCF4D3}"
EndProject
Global
	GlobalSection(SolutionConfigurationPlatforms) = preSolution
		Debug|Any CPU = Debug|Any CPU
		Release|Any CPU = Release|Any CPU
	EndGlobalSection
	GlobalSection(ProjectConfigurationPlatforms) = postSolution
		{54C11571-C609-40B3-8873-EBE8E8EB070C}.Debug|Any CPU.ActiveCfg = Debug|Any CPU
		{54C11571-C609-40B3-8873-EBE8E8EB070C}.Debug|Any CPU.Build.0 = Debug|Any CPU
		{54C11571-C609-40B3-8873-EBE8E8EB070C}.Release|Any CPU.ActiveCfg = Release|Any CPU
		{54C11571-C609-40B3-8873-EBE8E8EB070C}.Release|Any CPU.Build.0 = Release|Any CPU
		{453783DB-4CB5-4938-B05B-67E2382C09F9}.Debug|Any CPU.ActiveCfg = Debug|Any CPU
		{453783DB-4CB5-4938-B05B-67E2382C09F9}.Debug|Any CPU.Build.0 = Debug|Any CPU
		{453783DB-4CB5-4938-B05B-67E2382C09F9}.Release|Any CPU.ActiveCfg = Release|Any CPU
		{453783DB-4CB5-4938-B05B-67E2382C09F9}.Release|Any CPU.Build.0 = Release|Any CPU
		{C5A718FA-7D4D-4441-B1C2-B7F33B83A974}.Debug|Any CPU.ActiveCfg = Debug|Any CPU
		{C5A718FA-7D4D-4441-B1C2-B7F33B83A974}.Debug|Any CPU.Build.0 = Debug|Any CPU
		{C5A718FA-7D4D-4441-B1C2-B7F33B83A974}.Release|Any CPU.ActiveCfg = Release|Any CPU
		{C5A718FA-7D4D-4441-B1C2-B7F33B83A974}.Release|Any CPU.Build.0 = Release|Any CPU
		{BD826F19-8150-4F20-8221-2BBBD2D93B42}.Debug|Any CPU.ActiveCfg = Debug|Any CPU
		{BD826F19-8150-4F20-8221-2BBBD2D93B42}.Debug|Any CPU.Build.0 = Debug|Any CPU
		{BD826F19-8150-4F20-8221-2BBBD2D93B42}.Release|Any CPU.ActiveCfg = Release|Any CPU
		{BD826F19-8150-4F20-8221-2BBBD2D93B42}.Release|Any CPU.Build.0 = Release|Any CPU
		{49BB0643-9683-4371-93B3-94CB8B7DE73D}.Debug|Any CPU.ActiveCfg = Debug|Any CPU
		{49BB0643-9683-4371-93B3-94CB8B7DE73D}.Debug|Any CPU.Build.0 = Debug|Any CPU
		{49BB0643-9683-4371-93B3-94CB8B7DE73D}.Release|Any CPU.ActiveCfg = Release|Any CPU
		{49BB0643-9683-4371-93B3-94CB8B7DE73D}.Release|Any CPU.Build.0 = Release|Any CPU
		{7CB314F1-56A7-4403-AB68-9A444C302E69}.Debug|Any CPU.ActiveCfg = Debug|Any CPU
		{7CB314F1-56A7-4403-AB68-9A444C302E69}.Debug|Any CPU.Build.0 = Debug|Any CPU
		{7CB314F1-56A7-4403-AB68-9A444C302E69}.Release|Any CPU.ActiveCfg = Release|Any CPU
		{7CB314F1-56A7-4403-AB68-9A444C302E69}.Release|Any CPU.Build.0 = Release|Any CPU
		{6911B872-1C42-4CD1-80CF-5CDE45BBDDB3}.Debug|Any CPU.ActiveCfg = Debug|Any CPU
		{6911B872-1C42-4CD1-80CF-5CDE45BBDDB3}.Debug|Any CPU.Build.0 = Debug|Any CPU
		{6911B872-1C42-4CD1-80CF-5CDE45BBDDB3}.Release|Any CPU.ActiveCfg = Release|Any CPU
		{6911B872-1C42-4CD1-80CF-5CDE45BBDDB3}.Release|Any CPU.Build.0 = Release|Any CPU
		{D1CE97FB-6FE8-4A68-8BE8-B76C6F544F27}.Debug|Any CPU.ActiveCfg = Debug|Any CPU
		{D1CE97FB-6FE8-4A68-8BE8-B76C6F544F27}.Debug|Any CPU.Build.0 = Debug|Any CPU
		{D1CE97FB-6FE8-4A68-8BE8-B76C6F544F27}.Release|Any CPU.ActiveCfg = Release|Any CPU
		{D1CE97FB-6FE8-4A68-8BE8-B76C6F544F27}.Release|Any CPU.Build.0 = Release|Any CPU
		{F5140E05-5685-4793-94DA-1F528D0DFDA6}.Debug|Any CPU.ActiveCfg = Debug|Any CPU
		{F5140E05-5685-4793-94DA-1F528D0DFDA6}.Debug|Any CPU.Build.0 = Debug|Any CPU
		{F5140E05-5685-4793-94DA-1F528D0DFDA6}.Release|Any CPU.ActiveCfg = Release|Any CPU
		{F5140E05-5685-4793-94DA-1F528D0DFDA6}.Release|Any CPU.Build.0 = Release|Any CPU
		{16C8E449-AC5B-4BA5-B324-C9783DFCF4D3}.Debug|Any CPU.ActiveCfg = Debug|Any CPU
		{16C8E449-AC5B-4BA5-B324-C9783DFCF4D3}.Debug|Any CPU.Build.0 = Debug|Any CPU
		{16C8E449-AC5B-4BA5-B324-C9783DFCF4D3}.Release|Any CPU.ActiveCfg = Release|Any CPU
		{16C8E449-AC5B-4BA5-B324-C9783DFCF4D3}.Release|Any CPU.Build.0 = Release|Any CPU
	EndGlobalSection
	GlobalSection(SolutionProperties) = preSolution
		HideSolutionNode = FALSE
	EndGlobalSection
	GlobalSection(NestedProjects) = preSolution
		{54C11571-C609-40B3-8873-EBE8E8EB070C} = {0BD291DE-A83F-4793-9939-67061BDEF1AE}
		{C5A718FA-7D4D-4441-B1C2-B7F33B83A974} = {10A112CD-3D5F-45E9-9D30-3E096CA33571}
		{BD826F19-8150-4F20-8221-2BBBD2D93B42} = {10A112CD-3D5F-45E9-9D30-3E096CA33571}
		{49BB0643-9683-4371-93B3-94CB8B7DE73D} = {10A112CD-3D5F-45E9-9D30-3E096CA33571}
		{7CB314F1-56A7-4403-AB68-9A444C302E69} = {10A112CD-3D5F-45E9-9D30-3E096CA33571}
		{6911B872-1C42-4CD1-80CF-5CDE45BBDDB3} = {10A112CD-3D5F-45E9-9D30-3E096CA33571}
		{F5140E05-5685-4793-94DA-1F528D0DFDA6} = {0BD291DE-A83F-4793-9939-67061BDEF1AE}
		{16C8E449-AC5B-4BA5-B324-C9783DFCF4D3} = {10A112CD-3D5F-45E9-9D30-3E096CA33571}
	EndGlobalSection
	GlobalSection(ExtensibilityGlobals) = postSolution
		SolutionGuid = {BCE6D6AC-1FCF-437D-87BD-EA135E67597C}
	EndGlobalSection
EndGlobal
