
Microsoft Visual Studio Solution File, Format Version 12.00
# Visual Studio 15
VisualStudioVersion = 15.0.27130.2003
MinimumVisualStudioVersion = 10.0.40219.1
Project("{9A19103F-16F7-4668-BE54-9A1E7A4F7556}") = "Hiwjcn.Api", "Hiwjcn.Api\Hiwjcn.Api.csproj", "{54C11571-C609-40B3-8873-EBE8E8EB070C}"
EndProject
Project("{9A19103F-16F7-4668-BE54-9A1E7A4F7556}") = "Lib", "Lib\Lib.csproj", "{C5A718FA-7D4D-4441-B1C2-B7F33B83A974}"
EndProject
Project("{2150E333-8FDC-42A3-9474-1A3956D46DE8}") = "Apps", "Apps", "{0BD291DE-A83F-4793-9939-67061BDEF1AE}"
EndProject
Project("{2150E333-8FDC-42A3-9474-1A3956D46DE8}") = "Libs", "Libs", "{10A112CD-3D5F-45E9-9D30-3E096CA33571}"
EndProject
Project("{9A19103F-16F7-4668-BE54-9A1E7A4F7556}") = "Hiwjcn.Service", "Hiwjcn.Service\Hiwjcn.Service.csproj", "{49BB0643-9683-4371-93B3-94CB8B7DE73D}"
EndProject
Project("{9A19103F-16F7-4668-BE54-9A1E7A4F7556}") = "Hiwjcn.Framework", "Hiwjcn.Framework\Hiwjcn.Framework.csproj", "{7CB314F1-56A7-4403-AB68-9A444C302E69}"
EndProject
Project("{9A19103F-16F7-4668-BE54-9A1E7A4F7556}") = "Lib.extra", "Lib.extra\Lib.extra.csproj", "{6911B872-1C42-4CD1-80CF-5CDE45BBDDB3}"
EndProject
Project("{9A19103F-16F7-4668-BE54-9A1E7A4F7556}") = "Hiwjcn.Test", "Hiwjcn.Test\Hiwjcn.Test.csproj", "{D1CE97FB-6FE8-4A68-8BE8-B76C6F544F27}"
EndProject
Project("{9A19103F-16F7-4668-BE54-9A1E7A4F7556}") = "ConsoleApp", "ConsoleApp\ConsoleApp.csproj", "{F5140E05-5685-4793-94DA-1F528D0DFDA6}"
EndProject
Project("{9A19103F-16F7-4668-BE54-9A1E7A4F7556}") = "Lib.mvc", "Lib.mvc\Lib.mvc.csproj", "{16C8E449-AC5B-4BA5-B324-C9783DFCF4D3}"
EndProject
Project("{9A19103F-16F7-4668-BE54-9A1E7A4F7556}") = "Lib.rpc", "Lib.rpc\Lib.rpc.csproj", "{87EB0A42-E0EE-449E-8138-BFD611A3F039}"
EndProject
Project("{9A19103F-16F7-4668-BE54-9A1E7A4F7556}") = "Lib.quartz", "Lib.quartz\Lib.quartz.csproj", "{5A0F0888-BB50-41F3-BF81-2295F56C152C}"
EndProject
Project("{9A19103F-16F7-4668-BE54-9A1E7A4F7556}") = "Lib.redis", "Lib.redis\Lib.redis.csproj", "{F2223D28-9839-4405-A42F-D2D1402F6035}"
EndProject
Project("{9A19103F-16F7-4668-BE54-9A1E7A4F7556}") = "Lib.rabbitmq", "Lib.rabbitmq\Lib.rabbitmq.csproj", "{115CB9C0-1368-4B47-BDF9-3834F992E4F8}"
EndProject
Project("{9A19103F-16F7-4668-BE54-9A1E7A4F7556}") = "Lib.zookeeper", "Lib.zookeeper\Lib.zookeeper.csproj", "{50208202-E801-4CD9-83FE-E47408ADA197}"
EndProject
Project("{9A19103F-16F7-4668-BE54-9A1E7A4F7556}") = "Lib.elasticsearch", "Lib.elasticsearch\Lib.elasticsearch.csproj", "{E709C4B1-3DBE-4E1A-BB84-F5FA6717D895}"
EndProject
Project("{9A19103F-16F7-4668-BE54-9A1E7A4F7556}") = "Lib.mongodb", "Lib.mongodb\Lib.mongodb.csproj", "{A6F8D4A5-483D-4D55-9919-EBB6BD4F02A0}"
EndProject
Project("{9A19103F-16F7-4668-BE54-9A1E7A4F7556}") = "Lib.entityframework", "Lib.entityframework\Lib.entityframework.csproj", "{A53A638E-04CA-40DA-8EA8-F9C24E7C21BA}"
EndProject
Project("{9A19103F-16F7-4668-BE54-9A1E7A4F7556}") = "Lib.akka", "Lib.akka\Lib.akka.csproj", "{5874F4A9-C176-4C07-9D6A-263A6CC9BFCB}"
EndProject
Project("{9A19103F-16F7-4668-BE54-9A1E7A4F7556}") = "Lib.orleans", "Lib.orleans\Lib.orleans.csproj", "{D4684587-2DFD-4842-8E54-0587806A3331}"
EndProject
Project("{9A19103F-16F7-4668-BE54-9A1E7A4F7556}") = "Lib.netty", "Lib.netty\Lib.netty.csproj", "{68A6B6BC-B247-4C7F-94D9-9C95369F1E98}"
EndProject
Project("{9A19103F-16F7-4668-BE54-9A1E7A4F7556}") = "Lib.images", "Lib.images\Lib.images.csproj", "{9EB63939-E4DE-497B-A019-9F996453DC07}"
EndProject
Project("{9A19103F-16F7-4668-BE54-9A1E7A4F7556}") = "Lib.infrastructure", "Lib.infrastructure\Lib.infrastructure.csproj", "{B402B04B-3CC6-47CE-9CC1-31ADC1CAE0DF}"
EndProject
Project("{9A19103F-16F7-4668-BE54-9A1E7A4F7556}") = "Lib.tools", "Lib.tools\Lib.tools.csproj", "{C5062097-D8BC-4378-BE4A-760ABED504DA}"
EndProject
Project("{9A19103F-16F7-4668-BE54-9A1E7A4F7556}") = "Hiwjcn.Core", "Hiwjcn.Core\Hiwjcn.Core.csproj", "{325597A1-C35C-4D8C-8421-36B1C8A9CB4B}"
EndProject
Project("{9A19103F-16F7-4668-BE54-9A1E7A4F7556}") = "Lib.autofac", "Lib.autofac\Lib.autofac.csproj", "{2F4C2179-8854-40E8-A543-FC52CD9550C4}"
EndProject
Project("{9A19103F-16F7-4668-BE54-9A1E7A4F7556}") = "Lib.dapper", "Lib.dapper\Lib.dapper.csproj", "{710ED0FD-0240-4FC3-B356-EDC433286107}"
EndProject
Project("{9A19103F-16F7-4668-BE54-9A1E7A4F7556}") = "Lib.auth", "Lib.auth\Lib.auth.csproj", "{8111E933-71BA-4745-BBBE-4E60C56551A7}"
EndProject
Project("{9A19103F-16F7-4668-BE54-9A1E7A4F7556}") = "Lib.logging", "Lib.logging\Lib.logging.csproj", "{1B138ACC-CDA7-4E4A-BC36-194728F74B7A}"
EndProject
Global
	GlobalSection(SolutionConfigurationPlatforms) = preSolution
		Debug|Any CPU = Debug|Any CPU
		Release|Any CPU = Release|Any CPU
	EndGlobalSection
	GlobalSection(ProjectConfigurationPlatforms) = postSolution
		{54C11571-C609-40B3-8873-EBE8E8EB070C}.Debug|Any CPU.ActiveCfg = Debug|Any CPU
		{54C11571-C609-40B3-8873-EBE8E8EB070C}.Debug|Any CPU.Build.0 = Debug|Any CPU
		{54C11571-C609-40B3-8873-EBE8E8EB070C}.Release|Any CPU.ActiveCfg = Release|Any CPU
		{54C11571-C609-40B3-8873-EBE8E8EB070C}.Release|Any CPU.Build.0 = Release|Any CPU
		{C5A718FA-7D4D-4441-B1C2-B7F33B83A974}.Debug|Any CPU.ActiveCfg = Debug|Any CPU
		{C5A718FA-7D4D-4441-B1C2-B7F33B83A974}.Debug|Any CPU.Build.0 = Debug|Any CPU
		{C5A718FA-7D4D-4441-B1C2-B7F33B83A974}.Release|Any CPU.ActiveCfg = Release|Any CPU
		{C5A718FA-7D4D-4441-B1C2-B7F33B83A974}.Release|Any CPU.Build.0 = Release|Any CPU
		{49BB0643-9683-4371-93B3-94CB8B7DE73D}.Debug|Any CPU.ActiveCfg = Debug|Any CPU
		{49BB0643-9683-4371-93B3-94CB8B7DE73D}.Debug|Any CPU.Build.0 = Debug|Any CPU
		{49BB0643-9683-4371-93B3-94CB8B7DE73D}.Release|Any CPU.ActiveCfg = Release|Any CPU
		{49BB0643-9683-4371-93B3-94CB8B7DE73D}.Release|Any CPU.Build.0 = Release|Any CPU
		{7CB314F1-56A7-4403-AB68-9A444C302E69}.Debug|Any CPU.ActiveCfg = Debug|Any CPU
		{7CB314F1-56A7-4403-AB68-9A444C302E69}.Debug|Any CPU.Build.0 = Debug|Any CPU
		{7CB314F1-56A7-4403-AB68-9A444C302E69}.Release|Any CPU.ActiveCfg = Release|Any CPU
		{7CB314F1-56A7-4403-AB68-9A444C302E69}.Release|Any CPU.Build.0 = Release|Any CPU
		{6911B872-1C42-4CD1-80CF-5CDE45BBDDB3}.Debug|Any CPU.ActiveCfg = Debug|Any CPU
		{6911B872-1C42-4CD1-80CF-5CDE45BBDDB3}.Debug|Any CPU.Build.0 = Debug|Any CPU
		{6911B872-1C42-4CD1-80CF-5CDE45BBDDB3}.Release|Any CPU.ActiveCfg = Release|Any CPU
		{6911B872-1C42-4CD1-80CF-5CDE45BBDDB3}.Release|Any CPU.Build.0 = Release|Any CPU
		{D1CE97FB-6FE8-4A68-8BE8-B76C6F544F27}.Debug|Any CPU.ActiveCfg = Debug|Any CPU
		{D1CE97FB-6FE8-4A68-8BE8-B76C6F544F27}.Debug|Any CPU.Build.0 = Debug|Any CPU
		{D1CE97FB-6FE8-4A68-8BE8-B76C6F544F27}.Release|Any CPU.ActiveCfg = Release|Any CPU
		{D1CE97FB-6FE8-4A68-8BE8-B76C6F544F27}.Release|Any CPU.Build.0 = Release|Any CPU
		{F5140E05-5685-4793-94DA-1F528D0DFDA6}.Debug|Any CPU.ActiveCfg = Debug|Any CPU
		{F5140E05-5685-4793-94DA-1F528D0DFDA6}.Debug|Any CPU.Build.0 = Debug|Any CPU
		{F5140E05-5685-4793-94DA-1F528D0DFDA6}.Release|Any CPU.ActiveCfg = Release|Any CPU
		{F5140E05-5685-4793-94DA-1F528D0DFDA6}.Release|Any CPU.Build.0 = Release|Any CPU
		{16C8E449-AC5B-4BA5-B324-C9783DFCF4D3}.Debug|Any CPU.ActiveCfg = Debug|Any CPU
		{16C8E449-AC5B-4BA5-B324-C9783DFCF4D3}.Debug|Any CPU.Build.0 = Debug|Any CPU
		{16C8E449-AC5B-4BA5-B324-C9783DFCF4D3}.Release|Any CPU.ActiveCfg = Release|Any CPU
		{16C8E449-AC5B-4BA5-B324-C9783DFCF4D3}.Release|Any CPU.Build.0 = Release|Any CPU
		{87EB0A42-E0EE-449E-8138-BFD611A3F039}.Debug|Any CPU.ActiveCfg = Debug|Any CPU
		{87EB0A42-E0EE-449E-8138-BFD611A3F039}.Debug|Any CPU.Build.0 = Debug|Any CPU
		{87EB0A42-E0EE-449E-8138-BFD611A3F039}.Release|Any CPU.ActiveCfg = Release|Any CPU
		{87EB0A42-E0EE-449E-8138-BFD611A3F039}.Release|Any CPU.Build.0 = Release|Any CPU
		{5A0F0888-BB50-41F3-BF81-2295F56C152C}.Debug|Any CPU.ActiveCfg = Debug|Any CPU
		{5A0F0888-BB50-41F3-BF81-2295F56C152C}.Debug|Any CPU.Build.0 = Debug|Any CPU
		{5A0F0888-BB50-41F3-BF81-2295F56C152C}.Release|Any CPU.ActiveCfg = Release|Any CPU
		{5A0F0888-BB50-41F3-BF81-2295F56C152C}.Release|Any CPU.Build.0 = Release|Any CPU
		{F2223D28-9839-4405-A42F-D2D1402F6035}.Debug|Any CPU.ActiveCfg = Debug|Any CPU
		{F2223D28-9839-4405-A42F-D2D1402F6035}.Debug|Any CPU.Build.0 = Debug|Any CPU
		{F2223D28-9839-4405-A42F-D2D1402F6035}.Release|Any CPU.ActiveCfg = Release|Any CPU
		{F2223D28-9839-4405-A42F-D2D1402F6035}.Release|Any CPU.Build.0 = Release|Any CPU
		{115CB9C0-1368-4B47-BDF9-3834F992E4F8}.Debug|Any CPU.ActiveCfg = Debug|Any CPU
		{115CB9C0-1368-4B47-BDF9-3834F992E4F8}.Debug|Any CPU.Build.0 = Debug|Any CPU
		{115CB9C0-1368-4B47-BDF9-3834F992E4F8}.Release|Any CPU.ActiveCfg = Release|Any CPU
		{115CB9C0-1368-4B47-BDF9-3834F992E4F8}.Release|Any CPU.Build.0 = Release|Any CPU
		{50208202-E801-4CD9-83FE-E47408ADA197}.Debug|Any CPU.ActiveCfg = Debug|Any CPU
		{50208202-E801-4CD9-83FE-E47408ADA197}.Debug|Any CPU.Build.0 = Debug|Any CPU
		{50208202-E801-4CD9-83FE-E47408ADA197}.Release|Any CPU.ActiveCfg = Release|Any CPU
		{50208202-E801-4CD9-83FE-E47408ADA197}.Release|Any CPU.Build.0 = Release|Any CPU
		{E709C4B1-3DBE-4E1A-BB84-F5FA6717D895}.Debug|Any CPU.ActiveCfg = Debug|Any CPU
		{E709C4B1-3DBE-4E1A-BB84-F5FA6717D895}.Debug|Any CPU.Build.0 = Debug|Any CPU
		{E709C4B1-3DBE-4E1A-BB84-F5FA6717D895}.Release|Any CPU.ActiveCfg = Release|Any CPU
		{E709C4B1-3DBE-4E1A-BB84-F5FA6717D895}.Release|Any CPU.Build.0 = Release|Any CPU
		{A6F8D4A5-483D-4D55-9919-EBB6BD4F02A0}.Debug|Any CPU.ActiveCfg = Debug|Any CPU
		{A6F8D4A5-483D-4D55-9919-EBB6BD4F02A0}.Debug|Any CPU.Build.0 = Debug|Any CPU
		{A6F8D4A5-483D-4D55-9919-EBB6BD4F02A0}.Release|Any CPU.ActiveCfg = Release|Any CPU
		{A6F8D4A5-483D-4D55-9919-EBB6BD4F02A0}.Release|Any CPU.Build.0 = Release|Any CPU
		{A53A638E-04CA-40DA-8EA8-F9C24E7C21BA}.Debug|Any CPU.ActiveCfg = Debug|Any CPU
		{A53A638E-04CA-40DA-8EA8-F9C24E7C21BA}.Debug|Any CPU.Build.0 = Debug|Any CPU
		{A53A638E-04CA-40DA-8EA8-F9C24E7C21BA}.Release|Any CPU.ActiveCfg = Release|Any CPU
		{A53A638E-04CA-40DA-8EA8-F9C24E7C21BA}.Release|Any CPU.Build.0 = Release|Any CPU
		{5874F4A9-C176-4C07-9D6A-263A6CC9BFCB}.Debug|Any CPU.ActiveCfg = Debug|Any CPU
		{5874F4A9-C176-4C07-9D6A-263A6CC9BFCB}.Debug|Any CPU.Build.0 = Debug|Any CPU
		{5874F4A9-C176-4C07-9D6A-263A6CC9BFCB}.Release|Any CPU.ActiveCfg = Release|Any CPU
		{5874F4A9-C176-4C07-9D6A-263A6CC9BFCB}.Release|Any CPU.Build.0 = Release|Any CPU
		{D4684587-2DFD-4842-8E54-0587806A3331}.Debug|Any CPU.ActiveCfg = Debug|Any CPU
		{D4684587-2DFD-4842-8E54-0587806A3331}.Debug|Any CPU.Build.0 = Debug|Any CPU
		{D4684587-2DFD-4842-8E54-0587806A3331}.Release|Any CPU.ActiveCfg = Release|Any CPU
		{D4684587-2DFD-4842-8E54-0587806A3331}.Release|Any CPU.Build.0 = Release|Any CPU
		{68A6B6BC-B247-4C7F-94D9-9C95369F1E98}.Debug|Any CPU.ActiveCfg = Debug|Any CPU
		{68A6B6BC-B247-4C7F-94D9-9C95369F1E98}.Debug|Any CPU.Build.0 = Debug|Any CPU
		{68A6B6BC-B247-4C7F-94D9-9C95369F1E98}.Release|Any CPU.ActiveCfg = Release|Any CPU
		{68A6B6BC-B247-4C7F-94D9-9C95369F1E98}.Release|Any CPU.Build.0 = Release|Any CPU
		{9EB63939-E4DE-497B-A019-9F996453DC07}.Debug|Any CPU.ActiveCfg = Debug|Any CPU
		{9EB63939-E4DE-497B-A019-9F996453DC07}.Debug|Any CPU.Build.0 = Debug|Any CPU
		{9EB63939-E4DE-497B-A019-9F996453DC07}.Release|Any CPU.ActiveCfg = Release|Any CPU
		{9EB63939-E4DE-497B-A019-9F996453DC07}.Release|Any CPU.Build.0 = Release|Any CPU
		{B402B04B-3CC6-47CE-9CC1-31ADC1CAE0DF}.Debug|Any CPU.ActiveCfg = Debug|Any CPU
		{B402B04B-3CC6-47CE-9CC1-31ADC1CAE0DF}.Debug|Any CPU.Build.0 = Debug|Any CPU
		{B402B04B-3CC6-47CE-9CC1-31ADC1CAE0DF}.Release|Any CPU.ActiveCfg = Release|Any CPU
		{B402B04B-3CC6-47CE-9CC1-31ADC1CAE0DF}.Release|Any CPU.Build.0 = Release|Any CPU
		{C5062097-D8BC-4378-BE4A-760ABED504DA}.Debug|Any CPU.ActiveCfg = Debug|Any CPU
		{C5062097-D8BC-4378-BE4A-760ABED504DA}.Debug|Any CPU.Build.0 = Debug|Any CPU
		{C5062097-D8BC-4378-BE4A-760ABED504DA}.Release|Any CPU.ActiveCfg = Release|Any CPU
		{C5062097-D8BC-4378-BE4A-760ABED504DA}.Release|Any CPU.Build.0 = Release|Any CPU
		{325597A1-C35C-4D8C-8421-36B1C8A9CB4B}.Debug|Any CPU.ActiveCfg = Debug|Any CPU
		{325597A1-C35C-4D8C-8421-36B1C8A9CB4B}.Debug|Any CPU.Build.0 = Debug|Any CPU
		{325597A1-C35C-4D8C-8421-36B1C8A9CB4B}.Release|Any CPU.ActiveCfg = Release|Any CPU
		{325597A1-C35C-4D8C-8421-36B1C8A9CB4B}.Release|Any CPU.Build.0 = Release|Any CPU
		{2F4C2179-8854-40E8-A543-FC52CD9550C4}.Debug|Any CPU.ActiveCfg = Debug|Any CPU
		{2F4C2179-8854-40E8-A543-FC52CD9550C4}.Debug|Any CPU.Build.0 = Debug|Any CPU
		{2F4C2179-8854-40E8-A543-FC52CD9550C4}.Release|Any CPU.ActiveCfg = Release|Any CPU
		{2F4C2179-8854-40E8-A543-FC52CD9550C4}.Release|Any CPU.Build.0 = Release|Any CPU
		{710ED0FD-0240-4FC3-B356-EDC433286107}.Debug|Any CPU.ActiveCfg = Debug|Any CPU
		{710ED0FD-0240-4FC3-B356-EDC433286107}.Debug|Any CPU.Build.0 = Debug|Any CPU
		{710ED0FD-0240-4FC3-B356-EDC433286107}.Release|Any CPU.ActiveCfg = Release|Any CPU
		{710ED0FD-0240-4FC3-B356-EDC433286107}.Release|Any CPU.Build.0 = Release|Any CPU
		{8111E933-71BA-4745-BBBE-4E60C56551A7}.Debug|Any CPU.ActiveCfg = Debug|Any CPU
		{8111E933-71BA-4745-BBBE-4E60C56551A7}.Debug|Any CPU.Build.0 = Debug|Any CPU
		{8111E933-71BA-4745-BBBE-4E60C56551A7}.Release|Any CPU.ActiveCfg = Release|Any CPU
		{8111E933-71BA-4745-BBBE-4E60C56551A7}.Release|Any CPU.Build.0 = Release|Any CPU
		{1B138ACC-CDA7-4E4A-BC36-194728F74B7A}.Debug|Any CPU.ActiveCfg = Debug|Any CPU
		{1B138ACC-CDA7-4E4A-BC36-194728F74B7A}.Debug|Any CPU.Build.0 = Debug|Any CPU
		{1B138ACC-CDA7-4E4A-BC36-194728F74B7A}.Release|Any CPU.ActiveCfg = Release|Any CPU
		{1B138ACC-CDA7-4E4A-BC36-194728F74B7A}.Release|Any CPU.Build.0 = Release|Any CPU
	EndGlobalSection
	GlobalSection(SolutionProperties) = preSolution
		HideSolutionNode = FALSE
	EndGlobalSection
	GlobalSection(NestedProjects) = preSolution
		{54C11571-C609-40B3-8873-EBE8E8EB070C} = {0BD291DE-A83F-4793-9939-67061BDEF1AE}
		{C5A718FA-7D4D-4441-B1C2-B7F33B83A974} = {10A112CD-3D5F-45E9-9D30-3E096CA33571}
		{49BB0643-9683-4371-93B3-94CB8B7DE73D} = {10A112CD-3D5F-45E9-9D30-3E096CA33571}
		{7CB314F1-56A7-4403-AB68-9A444C302E69} = {10A112CD-3D5F-45E9-9D30-3E096CA33571}
		{6911B872-1C42-4CD1-80CF-5CDE45BBDDB3} = {10A112CD-3D5F-45E9-9D30-3E096CA33571}
		{F5140E05-5685-4793-94DA-1F528D0DFDA6} = {0BD291DE-A83F-4793-9939-67061BDEF1AE}
		{16C8E449-AC5B-4BA5-B324-C9783DFCF4D3} = {10A112CD-3D5F-45E9-9D30-3E096CA33571}
		{87EB0A42-E0EE-449E-8138-BFD611A3F039} = {10A112CD-3D5F-45E9-9D30-3E096CA33571}
		{5A0F0888-BB50-41F3-BF81-2295F56C152C} = {10A112CD-3D5F-45E9-9D30-3E096CA33571}
		{F2223D28-9839-4405-A42F-D2D1402F6035} = {10A112CD-3D5F-45E9-9D30-3E096CA33571}
		{115CB9C0-1368-4B47-BDF9-3834F992E4F8} = {10A112CD-3D5F-45E9-9D30-3E096CA33571}
		{50208202-E801-4CD9-83FE-E47408ADA197} = {10A112CD-3D5F-45E9-9D30-3E096CA33571}
		{E709C4B1-3DBE-4E1A-BB84-F5FA6717D895} = {10A112CD-3D5F-45E9-9D30-3E096CA33571}
		{A6F8D4A5-483D-4D55-9919-EBB6BD4F02A0} = {10A112CD-3D5F-45E9-9D30-3E096CA33571}
		{A53A638E-04CA-40DA-8EA8-F9C24E7C21BA} = {10A112CD-3D5F-45E9-9D30-3E096CA33571}
		{5874F4A9-C176-4C07-9D6A-263A6CC9BFCB} = {10A112CD-3D5F-45E9-9D30-3E096CA33571}
		{D4684587-2DFD-4842-8E54-0587806A3331} = {10A112CD-3D5F-45E9-9D30-3E096CA33571}
		{68A6B6BC-B247-4C7F-94D9-9C95369F1E98} = {10A112CD-3D5F-45E9-9D30-3E096CA33571}
		{9EB63939-E4DE-497B-A019-9F996453DC07} = {10A112CD-3D5F-45E9-9D30-3E096CA33571}
		{B402B04B-3CC6-47CE-9CC1-31ADC1CAE0DF} = {10A112CD-3D5F-45E9-9D30-3E096CA33571}
		{C5062097-D8BC-4378-BE4A-760ABED504DA} = {10A112CD-3D5F-45E9-9D30-3E096CA33571}
		{325597A1-C35C-4D8C-8421-36B1C8A9CB4B} = {10A112CD-3D5F-45E9-9D30-3E096CA33571}
		{2F4C2179-8854-40E8-A543-FC52CD9550C4} = {10A112CD-3D5F-45E9-9D30-3E096CA33571}
		{710ED0FD-0240-4FC3-B356-EDC433286107} = {10A112CD-3D5F-45E9-9D30-3E096CA33571}
		{8111E933-71BA-4745-BBBE-4E60C56551A7} = {10A112CD-3D5F-45E9-9D30-3E096CA33571}
		{1B138ACC-CDA7-4E4A-BC36-194728F74B7A} = {10A112CD-3D5F-45E9-9D30-3E096CA33571}
	EndGlobalSection
	GlobalSection(ExtensibilityGlobals) = postSolution
		SolutionGuid = {BCE6D6AC-1FCF-437D-87BD-EA135E67597C}
	EndGlobalSection
EndGlobal
