
Microsoft Visual Studio Solution File, Format Version 12.00
# Visual Studio 15
VisualStudioVersion = 15.0.26430.13
MinimumVisualStudioVersion = 10.0.40219.1
Project("{FAE04EC0-301F-11D3-BF4B-00C04F79EFBC}") = "WindowsFormApp", "WindowsFormApp\WindowsFormApp.csproj", "{F03A180A-7442-42F1-859D-FC4A8E419139}"
EndProject
Project("{2150E333-8FDC-42A3-9474-1A3956D46DE8}") = "Tools", "Tools", "{2E8EC16B-49AD-4DE0-91E4-CE2AB753A92A}"
EndProject
Project("{2150E333-8FDC-42A3-9474-1A3956D46DE8}") = "Plugins", "Plugins", "{448873C4-D44F-4954-A6C4-4E45EDE8B80F}"
EndProject
Project("{2150E333-8FDC-42A3-9474-1A3956D46DE8}") = ".nuget", ".nuget", "{2775E8BA-F592-40A2-B586-6438184D3449}"
	ProjectSection(SolutionItems) = preProject
		.nuget\NuGet.Config = .nuget\NuGet.Config
		.nuget\NuGet.exe = .nuget\NuGet.exe
		.nuget\NuGet.targets = .nuget\NuGet.targets
	EndProjectSection
EndProject
Project("{2150E333-8FDC-42A3-9474-1A3956D46DE8}") = "App", "App", "{ED26FFC6-7AFC-47B4-B9B4-541AC0B802B7}"
EndProject
Project("{2150E333-8FDC-42A3-9474-1A3956D46DE8}") = "Libs", "Libs", "{705BA746-2F3E-4CA7-99E4-41AD6CD403B3}"
EndProject
Project("{FAE04EC0-301F-11D3-BF4B-00C04F79EFBC}") = "Hiwjcn.Framework", "Hiwjcn.Framework\Hiwjcn.Framework.csproj", "{F6EA1C4A-821E-417B-B02E-05B492874E40}"
EndProject
Project("{FAE04EC0-301F-11D3-BF4B-00C04F79EFBC}") = "Hiwjcn.Web", "Hiwjcn.Web\Hiwjcn.Web.csproj", "{603505CE-BB98-4301-8010-55E2C2CE7CEC}"
EndProject
Project("{FAE04EC0-301F-11D3-BF4B-00C04F79EFBC}") = "Hiwjcn.Core", "Hiwjcn.Core\Hiwjcn.Core.csproj", "{35BCB473-B95C-4B87-A9E6-7A538719C3D9}"
EndProject
Project("{FAE04EC0-301F-11D3-BF4B-00C04F79EFBC}") = "ConsoleApp", "ConsoleApp\ConsoleApp.csproj", "{1BE67694-11AD-40CB-B47C-8F4C4D046967}"
EndProject
Project("{FAE04EC0-301F-11D3-BF4B-00C04F79EFBC}") = "Hiwjcn.Test", "Hiwjcn.Test\Hiwjcn.Test.csproj", "{1EFE9729-7D65-49F5-8CF2-F775FAA23521}"
EndProject
Project("{FAE04EC0-301F-11D3-BF4B-00C04F79EFBC}") = "Hiwjcn.Plugin.Page.Resume", "Hiwjcn.Plugin.Page.Resume\Hiwjcn.Plugin.Page.Resume.csproj", "{8071B0F8-1EE8-4E77-81C3-D08405985FC8}"
EndProject
Project("{FAE04EC0-301F-11D3-BF4B-00C04F79EFBC}") = "Hiwjcn.Service", "Hiwjcn.Service\Hiwjcn.Service.csproj", "{100B0F4D-99AC-498E-88D9-39FDD796CE19}"
EndProject
Project("{FAE04EC0-301F-11D3-BF4B-00C04F79EFBC}") = "Lib", "Lib\Lib.csproj", "{5F8BD505-423D-400C-84C4-F9638F84CC41}"
EndProject
Project("{FAE04EC0-301F-11D3-BF4B-00C04F79EFBC}") = "Hiwjcn.Api", "Hiwjcn.Api\Hiwjcn.Api.csproj", "{F952D419-445A-4EDE-B5BD-F99DFBFEA82A}"
EndProject
Global
	GlobalSection(SolutionConfigurationPlatforms) = preSolution
		Debug|Any CPU = Debug|Any CPU
		Release|Any CPU = Release|Any CPU
	EndGlobalSection
	GlobalSection(ProjectConfigurationPlatforms) = postSolution
		{F03A180A-7442-42F1-859D-FC4A8E419139}.Debug|Any CPU.ActiveCfg = Debug|Any CPU
		{F03A180A-7442-42F1-859D-FC4A8E419139}.Debug|Any CPU.Build.0 = Debug|Any CPU
		{F03A180A-7442-42F1-859D-FC4A8E419139}.Release|Any CPU.ActiveCfg = Release|Any CPU
		{F03A180A-7442-42F1-859D-FC4A8E419139}.Release|Any CPU.Build.0 = Release|Any CPU
		{F6EA1C4A-821E-417B-B02E-05B492874E40}.Debug|Any CPU.ActiveCfg = Debug|Any CPU
		{F6EA1C4A-821E-417B-B02E-05B492874E40}.Debug|Any CPU.Build.0 = Debug|Any CPU
		{F6EA1C4A-821E-417B-B02E-05B492874E40}.Release|Any CPU.ActiveCfg = Release|Any CPU
		{F6EA1C4A-821E-417B-B02E-05B492874E40}.Release|Any CPU.Build.0 = Release|Any CPU
		{603505CE-BB98-4301-8010-55E2C2CE7CEC}.Debug|Any CPU.ActiveCfg = Debug|Any CPU
		{603505CE-BB98-4301-8010-55E2C2CE7CEC}.Debug|Any CPU.Build.0 = Debug|Any CPU
		{603505CE-BB98-4301-8010-55E2C2CE7CEC}.Release|Any CPU.ActiveCfg = Release|Any CPU
		{603505CE-BB98-4301-8010-55E2C2CE7CEC}.Release|Any CPU.Build.0 = Release|Any CPU
		{35BCB473-B95C-4B87-A9E6-7A538719C3D9}.Debug|Any CPU.ActiveCfg = Debug|Any CPU
		{35BCB473-B95C-4B87-A9E6-7A538719C3D9}.Debug|Any CPU.Build.0 = Debug|Any CPU
		{35BCB473-B95C-4B87-A9E6-7A538719C3D9}.Release|Any CPU.ActiveCfg = Release|Any CPU
		{35BCB473-B95C-4B87-A9E6-7A538719C3D9}.Release|Any CPU.Build.0 = Release|Any CPU
		{1BE67694-11AD-40CB-B47C-8F4C4D046967}.Debug|Any CPU.ActiveCfg = Debug|Any CPU
		{1BE67694-11AD-40CB-B47C-8F4C4D046967}.Debug|Any CPU.Build.0 = Debug|Any CPU
		{1BE67694-11AD-40CB-B47C-8F4C4D046967}.Release|Any CPU.ActiveCfg = Release|Any CPU
		{1BE67694-11AD-40CB-B47C-8F4C4D046967}.Release|Any CPU.Build.0 = Release|Any CPU
		{1EFE9729-7D65-49F5-8CF2-F775FAA23521}.Debug|Any CPU.ActiveCfg = Debug|Any CPU
		{1EFE9729-7D65-49F5-8CF2-F775FAA23521}.Debug|Any CPU.Build.0 = Debug|Any CPU
		{1EFE9729-7D65-49F5-8CF2-F775FAA23521}.Release|Any CPU.ActiveCfg = Release|Any CPU
		{1EFE9729-7D65-49F5-8CF2-F775FAA23521}.Release|Any CPU.Build.0 = Release|Any CPU
		{8071B0F8-1EE8-4E77-81C3-D08405985FC8}.Debug|Any CPU.ActiveCfg = Debug|Any CPU
		{8071B0F8-1EE8-4E77-81C3-D08405985FC8}.Debug|Any CPU.Build.0 = Debug|Any CPU
		{8071B0F8-1EE8-4E77-81C3-D08405985FC8}.Release|Any CPU.ActiveCfg = Release|Any CPU
		{8071B0F8-1EE8-4E77-81C3-D08405985FC8}.Release|Any CPU.Build.0 = Release|Any CPU
		{100B0F4D-99AC-498E-88D9-39FDD796CE19}.Debug|Any CPU.ActiveCfg = Debug|Any CPU
		{100B0F4D-99AC-498E-88D9-39FDD796CE19}.Debug|Any CPU.Build.0 = Debug|Any CPU
		{100B0F4D-99AC-498E-88D9-39FDD796CE19}.Release|Any CPU.ActiveCfg = Release|Any CPU
		{100B0F4D-99AC-498E-88D9-39FDD796CE19}.Release|Any CPU.Build.0 = Release|Any CPU
		{5F8BD505-423D-400C-84C4-F9638F84CC41}.Debug|Any CPU.ActiveCfg = Debug|Any CPU
		{5F8BD505-423D-400C-84C4-F9638F84CC41}.Debug|Any CPU.Build.0 = Debug|Any CPU
		{5F8BD505-423D-400C-84C4-F9638F84CC41}.Release|Any CPU.ActiveCfg = Release|Any CPU
		{5F8BD505-423D-400C-84C4-F9638F84CC41}.Release|Any CPU.Build.0 = Release|Any CPU
		{F952D419-445A-4EDE-B5BD-F99DFBFEA82A}.Debug|Any CPU.ActiveCfg = Debug|Any CPU
		{F952D419-445A-4EDE-B5BD-F99DFBFEA82A}.Debug|Any CPU.Build.0 = Debug|Any CPU
		{F952D419-445A-4EDE-B5BD-F99DFBFEA82A}.Release|Any CPU.ActiveCfg = Release|Any CPU
		{F952D419-445A-4EDE-B5BD-F99DFBFEA82A}.Release|Any CPU.Build.0 = Release|Any CPU
	EndGlobalSection
	GlobalSection(SolutionProperties) = preSolution
		HideSolutionNode = FALSE
	EndGlobalSection
	GlobalSection(NestedProjects) = preSolution
		{F03A180A-7442-42F1-859D-FC4A8E419139} = {2E8EC16B-49AD-4DE0-91E4-CE2AB753A92A}
		{F6EA1C4A-821E-417B-B02E-05B492874E40} = {705BA746-2F3E-4CA7-99E4-41AD6CD403B3}
		{603505CE-BB98-4301-8010-55E2C2CE7CEC} = {ED26FFC6-7AFC-47B4-B9B4-541AC0B802B7}
		{35BCB473-B95C-4B87-A9E6-7A538719C3D9} = {705BA746-2F3E-4CA7-99E4-41AD6CD403B3}
		{1BE67694-11AD-40CB-B47C-8F4C4D046967} = {2E8EC16B-49AD-4DE0-91E4-CE2AB753A92A}
		{8071B0F8-1EE8-4E77-81C3-D08405985FC8} = {448873C4-D44F-4954-A6C4-4E45EDE8B80F}
		{100B0F4D-99AC-498E-88D9-39FDD796CE19} = {705BA746-2F3E-4CA7-99E4-41AD6CD403B3}
		{5F8BD505-423D-400C-84C4-F9638F84CC41} = {705BA746-2F3E-4CA7-99E4-41AD6CD403B3}
		{F952D419-445A-4EDE-B5BD-F99DFBFEA82A} = {ED26FFC6-7AFC-47B4-B9B4-541AC0B802B7}
	EndGlobalSection
EndGlobal
