
Microsoft Visual Studio Solution File, Format Version 12.00
# Visual Studio 15
VisualStudioVersion = 15.0.27130.2003
MinimumVisualStudioVersion = 10.0.40219.1
Project("{2150E333-8FDC-42A3-9474-1A3956D46DE8}") = "App", "App", "{ED26FFC6-7AFC-47B4-B9B4-541AC0B802B7}"
EndProject
Project("{2150E333-8FDC-42A3-9474-1A3956D46DE8}") = "Libs", "Libs", "{705BA746-2F3E-4CA7-99E4-41AD6CD403B3}"
EndProject
Project("{FAE04EC0-301F-11D3-BF4B-00C04F79EFBC}") = "Hiwjcn.Framework", "Hiwjcn.Framework\Hiwjcn.Framework.csproj", "{F6EA1C4A-821E-417B-B02E-05B492874E40}"
EndProject
Project("{FAE04EC0-301F-11D3-BF4B-00C04F79EFBC}") = "Hiwjcn.Web", "Hiwjcn.Web\Hiwjcn.Web.csproj", "{603505CE-BB98-4301-8010-55E2C2CE7CEC}"
EndProject
Project("{FAE04EC0-301F-11D3-BF4B-00C04F79EFBC}") = "Hiwjcn.Core", "Hiwjcn.Core\Hiwjcn.Core.csproj", "{35BCB473-B95C-4B87-A9E6-7A538719C3D9}"
EndProject
Project("{FAE04EC0-301F-11D3-BF4B-00C04F79EFBC}") = "Hiwjcn.Test", "Hiwjcn.Test\Hiwjcn.Test.csproj", "{1EFE9729-7D65-49F5-8CF2-F775FAA23521}"
EndProject
Project("{FAE04EC0-301F-11D3-BF4B-00C04F79EFBC}") = "Hiwjcn.Service", "Hiwjcn.Service\Hiwjcn.Service.csproj", "{100B0F4D-99AC-498E-88D9-39FDD796CE19}"
EndProject
Project("{FAE04EC0-301F-11D3-BF4B-00C04F79EFBC}") = "Lib", "Lib\Lib.csproj", "{5F8BD505-423D-400C-84C4-F9638F84CC41}"
EndProject
Project("{FAE04EC0-301F-11D3-BF4B-00C04F79EFBC}") = "Lib.extra", "Lib.extra\Lib.extra.csproj", "{D30617E2-FC7F-495D-B9F1-8E693AD47F9F}"
EndProject
Project("{FAE04EC0-301F-11D3-BF4B-00C04F79EFBC}") = "ConsoleApp", "ConsoleApp\ConsoleApp.csproj", "{1BE67694-11AD-40CB-B47C-8F4C4D046967}"
EndProject
Project("{FAE04EC0-301F-11D3-BF4B-00C04F79EFBC}") = "WindowsFormApp", "WindowsFormApp\WindowsFormApp.csproj", "{F03A180A-7442-42F1-859D-FC4A8E419139}"
EndProject
Global
	GlobalSection(SolutionConfigurationPlatforms) = preSolution
		Debug|Any CPU = Debug|Any CPU
		Release|Any CPU = Release|Any CPU
	EndGlobalSection
	GlobalSection(ProjectConfigurationPlatforms) = postSolution
		{F6EA1C4A-821E-417B-B02E-05B492874E40}.Debug|Any CPU.ActiveCfg = Debug|Any CPU
		{F6EA1C4A-821E-417B-B02E-05B492874E40}.Debug|Any CPU.Build.0 = Debug|Any CPU
		{F6EA1C4A-821E-417B-B02E-05B492874E40}.Release|Any CPU.ActiveCfg = Release|Any CPU
		{F6EA1C4A-821E-417B-B02E-05B492874E40}.Release|Any CPU.Build.0 = Release|Any CPU
		{603505CE-BB98-4301-8010-55E2C2CE7CEC}.Debug|Any CPU.ActiveCfg = Debug|Any CPU
		{603505CE-BB98-4301-8010-55E2C2CE7CEC}.Debug|Any CPU.Build.0 = Debug|Any CPU
		{603505CE-BB98-4301-8010-55E2C2CE7CEC}.Release|Any CPU.ActiveCfg = Release|Any CPU
		{603505CE-BB98-4301-8010-55E2C2CE7CEC}.Release|Any CPU.Build.0 = Release|Any CPU
		{35BCB473-B95C-4B87-A9E6-7A538719C3D9}.Debug|Any CPU.ActiveCfg = Debug|Any CPU
		{35BCB473-B95C-4B87-A9E6-7A538719C3D9}.Debug|Any CPU.Build.0 = Debug|Any CPU
		{35BCB473-B95C-4B87-A9E6-7A538719C3D9}.Release|Any CPU.ActiveCfg = Release|Any CPU
		{35BCB473-B95C-4B87-A9E6-7A538719C3D9}.Release|Any CPU.Build.0 = Release|Any CPU
		{1EFE9729-7D65-49F5-8CF2-F775FAA23521}.Debug|Any CPU.ActiveCfg = Debug|Any CPU
		{1EFE9729-7D65-49F5-8CF2-F775FAA23521}.Debug|Any CPU.Build.0 = Debug|Any CPU
		{1EFE9729-7D65-49F5-8CF2-F775FAA23521}.Release|Any CPU.ActiveCfg = Release|Any CPU
		{1EFE9729-7D65-49F5-8CF2-F775FAA23521}.Release|Any CPU.Build.0 = Release|Any CPU
		{100B0F4D-99AC-498E-88D9-39FDD796CE19}.Debug|Any CPU.ActiveCfg = Debug|Any CPU
		{100B0F4D-99AC-498E-88D9-39FDD796CE19}.Debug|Any CPU.Build.0 = Debug|Any CPU
		{100B0F4D-99AC-498E-88D9-39FDD796CE19}.Release|Any CPU.ActiveCfg = Release|Any CPU
		{100B0F4D-99AC-498E-88D9-39FDD796CE19}.Release|Any CPU.Build.0 = Release|Any CPU
		{5F8BD505-423D-400C-84C4-F9638F84CC41}.Debug|Any CPU.ActiveCfg = Debug|Any CPU
		{5F8BD505-423D-400C-84C4-F9638F84CC41}.Debug|Any CPU.Build.0 = Debug|Any CPU
		{5F8BD505-423D-400C-84C4-F9638F84CC41}.Release|Any CPU.ActiveCfg = Release|Any CPU
		{5F8BD505-423D-400C-84C4-F9638F84CC41}.Release|Any CPU.Build.0 = Release|Any CPU
		{D30617E2-FC7F-495D-B9F1-8E693AD47F9F}.Debug|Any CPU.ActiveCfg = Debug|Any CPU
		{D30617E2-FC7F-495D-B9F1-8E693AD47F9F}.Debug|Any CPU.Build.0 = Debug|Any CPU
		{D30617E2-FC7F-495D-B9F1-8E693AD47F9F}.Release|Any CPU.ActiveCfg = Release|Any CPU
		{D30617E2-FC7F-495D-B9F1-8E693AD47F9F}.Release|Any CPU.Build.0 = Release|Any CPU
		{1BE67694-11AD-40CB-B47C-8F4C4D046967}.Debug|Any CPU.ActiveCfg = Debug|Any CPU
		{1BE67694-11AD-40CB-B47C-8F4C4D046967}.Debug|Any CPU.Build.0 = Debug|Any CPU
		{1BE67694-11AD-40CB-B47C-8F4C4D046967}.Release|Any CPU.ActiveCfg = Release|Any CPU
		{1BE67694-11AD-40CB-B47C-8F4C4D046967}.Release|Any CPU.Build.0 = Release|Any CPU
		{F03A180A-7442-42F1-859D-FC4A8E419139}.Debug|Any CPU.ActiveCfg = Debug|Any CPU
		{F03A180A-7442-42F1-859D-FC4A8E419139}.Debug|Any CPU.Build.0 = Debug|Any CPU
		{F03A180A-7442-42F1-859D-FC4A8E419139}.Release|Any CPU.ActiveCfg = Release|Any CPU
		{F03A180A-7442-42F1-859D-FC4A8E419139}.Release|Any CPU.Build.0 = Release|Any CPU
	EndGlobalSection
	GlobalSection(SolutionProperties) = preSolution
		HideSolutionNode = FALSE
	EndGlobalSection
	GlobalSection(NestedProjects) = preSolution
		{F6EA1C4A-821E-417B-B02E-05B492874E40} = {705BA746-2F3E-4CA7-99E4-41AD6CD403B3}
		{603505CE-BB98-4301-8010-55E2C2CE7CEC} = {ED26FFC6-7AFC-47B4-B9B4-541AC0B802B7}
		{35BCB473-B95C-4B87-A9E6-7A538719C3D9} = {705BA746-2F3E-4CA7-99E4-41AD6CD403B3}
		{100B0F4D-99AC-498E-88D9-39FDD796CE19} = {705BA746-2F3E-4CA7-99E4-41AD6CD403B3}
		{5F8BD505-423D-400C-84C4-F9638F84CC41} = {705BA746-2F3E-4CA7-99E4-41AD6CD403B3}
		{D30617E2-FC7F-495D-B9F1-8E693AD47F9F} = {705BA746-2F3E-4CA7-99E4-41AD6CD403B3}
		{1BE67694-11AD-40CB-B47C-8F4C4D046967} = {ED26FFC6-7AFC-47B4-B9B4-541AC0B802B7}
		{F03A180A-7442-42F1-859D-FC4A8E419139} = {ED26FFC6-7AFC-47B4-B9B4-541AC0B802B7}
	EndGlobalSection
	GlobalSection(ExtensibilityGlobals) = postSolution
		SolutionGuid = {0A932999-AB3C-46DB-8D8B-F25CB7BB6D61}
	EndGlobalSection
EndGlobal
